Microsoft Visual Studio Solution File, Format Version 12.00
# Visual Studio Version 17
VisualStudioVersion = 17.5.2.0
MinimumVisualStudioVersion = 10.0.40219.1
Project("{9A19103F-16F7-4668-BE54-9A1E7A4F7556}") = "LigChat", "LigChat.csproj", "{B524F298-7E74-0201-B3A2-2E6C871074C9}"
EndProject
Global
	GlobalSection(SolutionConfigurationPlatforms) = preSolution
		Debug|Any CPU = Debug|Any CPU
		Release|Any CPU = Release|Any CPU
	EndGlobalSection
	GlobalSection(ProjectConfigurationPlatforms) = postSolution
		{B524F298-7E74-0201-B3A2-2E6C871074C9}.Debug|Any CPU.ActiveCfg = Debug|Any CPU
		{B524F298-7E74-0201-B3A2-2E6C871074C9}.Debug|Any CPU.Build.0 = Debug|Any CPU
		{B524F298-7E74-0201-B3A2-2E6C871074C9}.Release|Any CPU.ActiveCfg = Release|Any CPU
		{B524F298-7E74-0201-B3A2-2E6C871074C9}.Release|Any CPU.Build.0 = Release|Any CPU
	EndGlobalSection
	GlobalSection(SolutionProperties) = preSolution
		HideSolutionNode = FALSE
	EndGlobalSection
	GlobalSection(ExtensibilityGlobals) = postSolution
		SolutionGuid = {7311C88B-8EFF-49F8-86A5-DE10A2468FF4}
	EndGlobalSection
EndGlobal
